
Microsoft Visual Studio Solution File, Format Version 12.00
# Visual Studio Version 17
VisualStudioVersion = 17.11.35222.181
MinimumVisualStudioVersion = 10.0.40219.1
Project("{9A19103F-16F7-4668-BE54-9A1E7A4F7556}") = "Dental_Clinic", "Dental_Clinic\Dental_Clinic.csproj", "{CAE82F05-8901-4E94-92FB-87D4FD15BB84}"
EndProject
Project("{54435603-DBB4-11D2-8724-00A0C9A8B90C}") = "Setup", "Setup\Setup.vdproj", "{CF6BA0A7-6778-44E9-9769-443534FF8DE3}"
EndProject
Global
	GlobalSection(SolutionConfigurationPlatforms) = preSolution
		Debug|Any CPU = Debug|Any CPU
		Release|Any CPU = Release|Any CPU
	EndGlobalSection
	GlobalSection(ProjectConfigurationPlatforms) = postSolution
		{CAE82F05-8901-4E94-92FB-87D4FD15BB84}.Debug|Any CPU.ActiveCfg = Debug|Any CPU
		{CAE82F05-8901-4E94-92FB-87D4FD15BB84}.Debug|Any CPU.Build.0 = Debug|Any CPU
		{CAE82F05-8901-4E94-92FB-87D4FD15BB84}.Release|Any CPU.ActiveCfg = Release|Any CPU
		{CAE82F05-8901-4E94-92FB-87D4FD15BB84}.Release|Any CPU.Build.0 = Release|Any CPU
		{CF6BA0A7-6778-44E9-9769-443534FF8DE3}.Debug|Any CPU.ActiveCfg = Debug
		{CF6BA0A7-6778-44E9-9769-443534FF8DE3}.Release|Any CPU.ActiveCfg = Release
	EndGlobalSection
	GlobalSection(SolutionProperties) = preSolution
		HideSolutionNode = FALSE
	EndGlobalSection
	GlobalSection(ExtensibilityGlobals) = postSolution
		SolutionGuid = {5DDEB88E-B027-424E-88C5-5CE9C4A9CB1C}
	EndGlobalSection
EndGlobal
